// !$*UTF8*$!
{
	archiveVersion = 1;
	classes = {
	};
	objectVersion = 50;
	objects = {

/* Begin PBXBuildFile section */
		FA22EF4B23322AFD00995A56 /* AppDelegate.swift in Sources */ = {isa = PBXBuildFile; fileRef = FA22EF4A23322AFD00995A56 /* AppDelegate.swift */; };
		FA22EF4D23322AFD00995A56 /* ViewController.swift in Sources */ = {isa = PBXBuildFile; fileRef = FA22EF4C23322AFD00995A56 /* ViewController.swift */; };
		FA22EF5023322AFD00995A56 /* Main.storyboard in Resources */ = {isa = PBXBuildFile; fileRef = FA22EF4E23322AFD00995A56 /* Main.storyboard */; };
		FA22EF5323322AFD00995A56 /* beTheFirstWave.xcdatamodeld in Sources */ = {isa = PBXBuildFile; fileRef = FA22EF5123322AFD00995A56 /* beTheFirstWave.xcdatamodeld */; };
		FA22EF5523322B0000995A56 /* Assets.xcassets in Resources */ = {isa = PBXBuildFile; fileRef = FA22EF5423322B0000995A56 /* Assets.xcassets */; };
		FA22EF5823322B0000995A56 /* LaunchScreen.storyboard in Resources */ = {isa = PBXBuildFile; fileRef = FA22EF5623322B0000995A56 /* LaunchScreen.storyboard */; };
		FA22EF6323322B0000995A56 /* beTheFirstWaveTests.swift in Sources */ = {isa = PBXBuildFile; fileRef = FA22EF6223322B0000995A56 /* beTheFirstWaveTests.swift */; };
		FA22EF6E23322B0100995A56 /* beTheFirstWaveUITests.swift in Sources */ = {isa = PBXBuildFile; fileRef = FA22EF6D23322B0100995A56 /* beTheFirstWaveUITests.swift */; };
		FA22EF7F23322C3300995A56 /* LoginViewController.swift in Sources */ = {isa = PBXBuildFile; fileRef = FA22EF7E23322C3300995A56 /* LoginViewController.swift */; };
		FA22EF852338C06D00995A56 /* label.swift in Sources */ = {isa = PBXBuildFile; fileRef = FA22EF842338C06D00995A56 /* label.swift */; };
		FA22EF8D233A2E1800995A56 /* eventsTableViewCell.swift in Sources */ = {isa = PBXBuildFile; fileRef = FA22EF8C233A2E1800995A56 /* eventsTableViewCell.swift */; };
		FA22EF90233B634900995A56 /* constants.swift in Sources */ = {isa = PBXBuildFile; fileRef = FA22EF8F233B634900995A56 /* constants.swift */; };
		FA22EF92233B71EA00995A56 /* event.swift in Sources */ = {isa = PBXBuildFile; fileRef = FA22EF91233B71EA00995A56 /* event.swift */; };
		FA22EF94233CA3B400995A56 /* program.swift in Sources */ = {isa = PBXBuildFile; fileRef = FA22EF93233CA3B400995A56 /* program.swift */; };
		FA22EF96233CAB6600995A56 /* eventsTableViewController.swift in Sources */ = {isa = PBXBuildFile; fileRef = FA22EF95233CAB6600995A56 /* eventsTableViewController.swift */; };
		FA22EF98233D71E100995A56 /* events.swift in Sources */ = {isa = PBXBuildFile; fileRef = FA22EF97233D71E100995A56 /* events.swift */; };
		FA22EF9A233D741B00995A56 /* driver.swift in Sources */ = {isa = PBXBuildFile; fileRef = FA22EF99233D741B00995A56 /* driver.swift */; };
		FA22EF9D233DF42C00995A56 /* viewModel.swift in Sources */ = {isa = PBXBuildFile; fileRef = FA22EF9C233DF42C00995A56 /* viewModel.swift */; };
		FA22EFA1233E196400995A56 /* detailsViewController.swift in Sources */ = {isa = PBXBuildFile; fileRef = FA22EFA0233E196400995A56 /* detailsViewController.swift */; };
		FA22EFA3233F414E00995A56 /* sectionsEvents.swift in Sources */ = {isa = PBXBuildFile; fileRef = FA22EFA2233F414E00995A56 /* sectionsEvents.swift */; };
		FA7DF207234009F1002EEEE9 /* profile.swift in Sources */ = {isa = PBXBuildFile; fileRef = FA7DF206234009F1002EEEE9 /* profile.swift */; };
		FA7DF2092341739E002EEEE9 /* findProgramViewController.swift in Sources */ = {isa = PBXBuildFile; fileRef = FA7DF2082341739E002EEEE9 /* findProgramViewController.swift */; };
		FA7DF20B2341CE19002EEEE9 /* programTableViewController.swift in Sources */ = {isa = PBXBuildFile; fileRef = FA7DF20A2341CE19002EEEE9 /* programTableViewController.swift */; };
		FA7DF20D2341FD99002EEEE9 /* programTableViewCell.swift in Sources */ = {isa = PBXBuildFile; fileRef = FA7DF20C2341FD99002EEEE9 /* programTableViewCell.swift */; };
/* End PBXBuildFile section */

/* Begin PBXContainerItemProxy section */
		FA22EF5F23322B0000995A56 /* PBXContainerItemProxy */ = {
			isa = PBXContainerItemProxy;
			containerPortal = FA22EF3F23322AFD00995A56 /* Project object */;
			proxyType = 1;
			remoteGlobalIDString = FA22EF4623322AFD00995A56;
			remoteInfo = beTheFirstWave;
		};
		FA22EF6A23322B0000995A56 /* PBXContainerItemProxy */ = {
			isa = PBXContainerItemProxy;
			containerPortal = FA22EF3F23322AFD00995A56 /* Project object */;
			proxyType = 1;
			remoteGlobalIDString = FA22EF4623322AFD00995A56;
			remoteInfo = beTheFirstWave;
		};
/* End PBXContainerItemProxy section */

/* Begin PBXFileReference section */
		FA22EF4723322AFD00995A56 /* beTheFirstWave.app */ = {isa = PBXFileReference; explicitFileType = wrapper.application; includeInIndex = 0; path = beTheFirstWave.app; sourceTree = BUILT_PRODUCTS_DIR; };
		FA22EF4A23322AFD00995A56 /* AppDelegate.swift */ = {isa = PBXFileReference; lastKnownFileType = sourcecode.swift; path = AppDelegate.swift; sourceTree = "<group>"; };
		FA22EF4C23322AFD00995A56 /* ViewController.swift */ = {isa = PBXFileReference; lastKnownFileType = sourcecode.swift; path = ViewController.swift; sourceTree = "<group>"; };
		FA22EF4F23322AFD00995A56 /* Base */ = {isa = PBXFileReference; lastKnownFileType = file.storyboard; name = Base; path = Base.lproj/Main.storyboard; sourceTree = "<group>"; };
		FA22EF5223322AFD00995A56 /* beTheFirstWave.xcdatamodel */ = {isa = PBXFileReference; lastKnownFileType = wrapper.xcdatamodel; path = beTheFirstWave.xcdatamodel; sourceTree = "<group>"; };
		FA22EF5423322B0000995A56 /* Assets.xcassets */ = {isa = PBXFileReference; lastKnownFileType = folder.assetcatalog; path = Assets.xcassets; sourceTree = "<group>"; };
		FA22EF5723322B0000995A56 /* Base */ = {isa = PBXFileReference; lastKnownFileType = file.storyboard; name = Base; path = Base.lproj/LaunchScreen.storyboard; sourceTree = "<group>"; };
		FA22EF5923322B0000995A56 /* Info.plist */ = {isa = PBXFileReference; lastKnownFileType = text.plist.xml; path = Info.plist; sourceTree = "<group>"; };
		FA22EF5E23322B0000995A56 /* beTheFirstWaveTests.xctest */ = {isa = PBXFileReference; explicitFileType = wrapper.cfbundle; includeInIndex = 0; path = beTheFirstWaveTests.xctest; sourceTree = BUILT_PRODUCTS_DIR; };
		FA22EF6223322B0000995A56 /* beTheFirstWaveTests.swift */ = {isa = PBXFileReference; lastKnownFileType = sourcecode.swift; path = beTheFirstWaveTests.swift; sourceTree = "<group>"; };
		FA22EF6423322B0000995A56 /* Info.plist */ = {isa = PBXFileReference; lastKnownFileType = text.plist.xml; path = Info.plist; sourceTree = "<group>"; };
		FA22EF6923322B0000995A56 /* beTheFirstWaveUITests.xctest */ = {isa = PBXFileReference; explicitFileType = wrapper.cfbundle; includeInIndex = 0; path = beTheFirstWaveUITests.xctest; sourceTree = BUILT_PRODUCTS_DIR; };
		FA22EF6D23322B0100995A56 /* beTheFirstWaveUITests.swift */ = {isa = PBXFileReference; lastKnownFileType = sourcecode.swift; path = beTheFirstWaveUITests.swift; sourceTree = "<group>"; };
		FA22EF6F23322B0100995A56 /* Info.plist */ = {isa = PBXFileReference; lastKnownFileType = text.plist.xml; path = Info.plist; sourceTree = "<group>"; };
		FA22EF7E23322C3300995A56 /* LoginViewController.swift */ = {isa = PBXFileReference; lastKnownFileType = sourcecode.swift; path = LoginViewController.swift; sourceTree = "<group>"; };
		FA22EF842338C06D00995A56 /* label.swift */ = {isa = PBXFileReference; lastKnownFileType = sourcecode.swift; path = label.swift; sourceTree = "<group>"; };
		FA22EF8C233A2E1800995A56 /* eventsTableViewCell.swift */ = {isa = PBXFileReference; lastKnownFileType = sourcecode.swift; path = eventsTableViewCell.swift; sourceTree = "<group>"; };
		FA22EF8F233B634900995A56 /* constants.swift */ = {isa = PBXFileReference; lastKnownFileType = sourcecode.swift; path = constants.swift; sourceTree = "<group>"; };
		FA22EF91233B71EA00995A56 /* event.swift */ = {isa = PBXFileReference; lastKnownFileType = sourcecode.swift; path = event.swift; sourceTree = "<group>"; };
		FA22EF93233CA3B400995A56 /* program.swift */ = {isa = PBXFileReference; lastKnownFileType = sourcecode.swift; path = program.swift; sourceTree = "<group>"; };
		FA22EF95233CAB6600995A56 /* eventsTableViewController.swift */ = {isa = PBXFileReference; lastKnownFileType = sourcecode.swift; path = eventsTableViewController.swift; sourceTree = "<group>"; };
		FA22EF97233D71E100995A56 /* events.swift */ = {isa = PBXFileReference; lastKnownFileType = sourcecode.swift; path = events.swift; sourceTree = "<group>"; };
		FA22EF99233D741B00995A56 /* driver.swift */ = {isa = PBXFileReference; lastKnownFileType = sourcecode.swift; path = driver.swift; sourceTree = "<group>"; };
		FA22EF9C233DF42C00995A56 /* viewModel.swift */ = {isa = PBXFileReference; lastKnownFileType = sourcecode.swift; path = viewModel.swift; sourceTree = "<group>"; };
		FA22EFA0233E196400995A56 /* detailsViewController.swift */ = {isa = PBXFileReference; lastKnownFileType = sourcecode.swift; path = detailsViewController.swift; sourceTree = "<group>"; };
		FA22EFA2233F414E00995A56 /* sectionsEvents.swift */ = {isa = PBXFileReference; lastKnownFileType = sourcecode.swift; path = sectionsEvents.swift; sourceTree = "<group>"; };
		FA7DF206234009F1002EEEE9 /* profile.swift */ = {isa = PBXFileReference; lastKnownFileType = sourcecode.swift; path = profile.swift; sourceTree = "<group>"; };
		FA7DF2082341739E002EEEE9 /* findProgramViewController.swift */ = {isa = PBXFileReference; lastKnownFileType = sourcecode.swift; path = findProgramViewController.swift; sourceTree = "<group>"; };
		FA7DF20A2341CE19002EEEE9 /* programTableViewController.swift */ = {isa = PBXFileReference; lastKnownFileType = sourcecode.swift; path = programTableViewController.swift; sourceTree = "<group>"; };
		FA7DF20C2341FD99002EEEE9 /* programTableViewCell.swift */ = {isa = PBXFileReference; lastKnownFileType = sourcecode.swift; path = programTableViewCell.swift; sourceTree = "<group>"; };
/* End PBXFileReference section */

/* Begin PBXFrameworksBuildPhase section */
		FA22EF4423322AFD00995A56 /* Frameworks */ = {
			isa = PBXFrameworksBuildPhase;
			buildActionMask = 2147483647;
			files = (
			);
			runOnlyForDeploymentPostprocessing = 0;
		};
		FA22EF5B23322B0000995A56 /* Frameworks */ = {
			isa = PBXFrameworksBuildPhase;
			buildActionMask = 2147483647;
			files = (
			);
			runOnlyForDeploymentPostprocessing = 0;
		};
		FA22EF6623322B0000995A56 /* Frameworks */ = {
			isa = PBXFrameworksBuildPhase;
			buildActionMask = 2147483647;
			files = (
			);
			runOnlyForDeploymentPostprocessing = 0;
		};
/* End PBXFrameworksBuildPhase section */

/* Begin PBXGroup section */
		FA22EF3E23322AFD00995A56 = {
			isa = PBXGroup;
			children = (
				FA22EF4923322AFD00995A56 /* beTheFirstWave */,
				FA22EF6123322B0000995A56 /* beTheFirstWaveTests */,
				FA22EF6C23322B0000995A56 /* beTheFirstWaveUITests */,
				FA22EF4823322AFD00995A56 /* Products */,
			);
			sourceTree = "<group>";
		};
		FA22EF4823322AFD00995A56 /* Products */ = {
			isa = PBXGroup;
			children = (
				FA22EF4723322AFD00995A56 /* beTheFirstWave.app */,
				FA22EF5E23322B0000995A56 /* beTheFirstWaveTests.xctest */,
				FA22EF6923322B0000995A56 /* beTheFirstWaveUITests.xctest */,
			);
			name = Products;
			sourceTree = "<group>";
		};
		FA22EF4923322AFD00995A56 /* beTheFirstWave */ = {
			isa = PBXGroup;
			children = (
				FA22EF7D23322B9D00995A56 /* view */,
				FA22EF7C23322B8900995A56 /* controller */,
				FA22EF9B233DF3A200995A56 /* veiwModel */,
				FA22EF7B23322B1000995A56 /* model */,
				FA22EF4A23322AFD00995A56 /* AppDelegate.swift */,
				FA22EF5423322B0000995A56 /* Assets.xcassets */,
				FA22EF5623322B0000995A56 /* LaunchScreen.storyboard */,
				FA22EF5923322B0000995A56 /* Info.plist */,
				FA22EF5123322AFD00995A56 /* beTheFirstWave.xcdatamodeld */,
			);
			path = beTheFirstWave;
			sourceTree = "<group>";
		};
		FA22EF6123322B0000995A56 /* beTheFirstWaveTests */ = {
			isa = PBXGroup;
			children = (
				FA22EF6223322B0000995A56 /* beTheFirstWaveTests.swift */,
				FA22EF6423322B0000995A56 /* Info.plist */,
			);
			path = beTheFirstWaveTests;
			sourceTree = "<group>";
		};
		FA22EF6C23322B0000995A56 /* beTheFirstWaveUITests */ = {
			isa = PBXGroup;
			children = (
				FA22EF6D23322B0100995A56 /* beTheFirstWaveUITests.swift */,
				FA22EF6F23322B0100995A56 /* Info.plist */,
			);
			path = beTheFirstWaveUITests;
			sourceTree = "<group>";
		};
		FA22EF7B23322B1000995A56 /* model */ = {
			isa = PBXGroup;
			children = (
				FA22EF99233D741B00995A56 /* driver.swift */,
				FA22EF842338C06D00995A56 /* label.swift */,
				FA22EF8F233B634900995A56 /* constants.swift */,
				FA22EF91233B71EA00995A56 /* event.swift */,
				FA22EF97233D71E100995A56 /* events.swift */,
				FA22EF93233CA3B400995A56 /* program.swift */,
				FA22EFA2233F414E00995A56 /* sectionsEvents.swift */,
				FA7DF206234009F1002EEEE9 /* profile.swift */,
			);
			path = model;
			sourceTree = "<group>";
		};
		FA22EF7C23322B8900995A56 /* controller */ = {
			isa = PBXGroup;
			children = (
				FA22EF8E233A2E2100995A56 /* tableCells */,
				FA7DF20A2341CE19002EEEE9 /* programTableViewController.swift */,
				FA22EF4C23322AFD00995A56 /* ViewController.swift */,
				FA22EF7E23322C3300995A56 /* LoginViewController.swift */,
				FA22EF95233CAB6600995A56 /* eventsTableViewController.swift */,
				FA22EFA0233E196400995A56 /* detailsViewController.swift */,
				FA7DF2082341739E002EEEE9 /* findProgramViewController.swift */,
			);
			path = controller;
			sourceTree = "<group>";
		};
		FA22EF7D23322B9D00995A56 /* view */ = {
			isa = PBXGroup;
			children = (
				FA22EF4E23322AFD00995A56 /* Main.storyboard */,
			);
			path = view;
			sourceTree = "<group>";
		};
		FA22EF8E233A2E2100995A56 /* tableCells */ = {
			isa = PBXGroup;
			children = (
				FA22EF8C233A2E1800995A56 /* eventsTableViewCell.swift */,
				FA7DF20C2341FD99002EEEE9 /* programTableViewCell.swift */,
			);
			path = tableCells;
			sourceTree = "<group>";
		};
		FA22EF9B233DF3A200995A56 /* veiwModel */ = {
			isa = PBXGroup;
			children = (
				FA22EF9C233DF42C00995A56 /* viewModel.swift */,
			);
			path = veiwModel;
			sourceTree = "<group>";
		};
/* End PBXGroup section */

/* Begin PBXNativeTarget section */
		FA22EF4623322AFD00995A56 /* beTheFirstWave */ = {
			isa = PBXNativeTarget;
			buildConfigurationList = FA22EF7223322B0100995A56 /* Build configuration list for PBXNativeTarget "beTheFirstWave" */;
			buildPhases = (
				FA22EF4323322AFD00995A56 /* Sources */,
				FA22EF4423322AFD00995A56 /* Frameworks */,
				FA22EF4523322AFD00995A56 /* Resources */,
			);
			buildRules = (
			);
			dependencies = (
			);
			name = beTheFirstWave;
			productName = beTheFirstWave;
			productReference = FA22EF4723322AFD00995A56 /* beTheFirstWave.app */;
			productType = "com.apple.product-type.application";
		};
		FA22EF5D23322B0000995A56 /* beTheFirstWaveTests */ = {
			isa = PBXNativeTarget;
			buildConfigurationList = FA22EF7523322B0100995A56 /* Build configuration list for PBXNativeTarget "beTheFirstWaveTests" */;
			buildPhases = (
				FA22EF5A23322B0000995A56 /* Sources */,
				FA22EF5B23322B0000995A56 /* Frameworks */,
				FA22EF5C23322B0000995A56 /* Resources */,
			);
			buildRules = (
			);
			dependencies = (
				FA22EF6023322B0000995A56 /* PBXTargetDependency */,
			);
			name = beTheFirstWaveTests;
			productName = beTheFirstWaveTests;
			productReference = FA22EF5E23322B0000995A56 /* beTheFirstWaveTests.xctest */;
			productType = "com.apple.product-type.bundle.unit-test";
		};
		FA22EF6823322B0000995A56 /* beTheFirstWaveUITests */ = {
			isa = PBXNativeTarget;
			buildConfigurationList = FA22EF7823322B0100995A56 /* Build configuration list for PBXNativeTarget "beTheFirstWaveUITests" */;
			buildPhases = (
				FA22EF6523322B0000995A56 /* Sources */,
				FA22EF6623322B0000995A56 /* Frameworks */,
				FA22EF6723322B0000995A56 /* Resources */,
			);
			buildRules = (
			);
			dependencies = (
				FA22EF6B23322B0000995A56 /* PBXTargetDependency */,
			);
			name = beTheFirstWaveUITests;
			productName = beTheFirstWaveUITests;
			productReference = FA22EF6923322B0000995A56 /* beTheFirstWaveUITests.xctest */;
			productType = "com.apple.product-type.bundle.ui-testing";
		};
/* End PBXNativeTarget section */

/* Begin PBXProject section */
		FA22EF3F23322AFD00995A56 /* Project object */ = {
			isa = PBXProject;
			attributes = {
				LastSwiftUpdateCheck = 1030;
				LastUpgradeCheck = 1030;
				ORGANIZATIONNAME = Macbook;
				TargetAttributes = {
					FA22EF4623322AFD00995A56 = {
						CreatedOnToolsVersion = 10.3;
					};
					FA22EF5D23322B0000995A56 = {
						CreatedOnToolsVersion = 10.3;
						TestTargetID = FA22EF4623322AFD00995A56;
					};
					FA22EF6823322B0000995A56 = {
						CreatedOnToolsVersion = 10.3;
						TestTargetID = FA22EF4623322AFD00995A56;
					};
				};
			};
			buildConfigurationList = FA22EF4223322AFD00995A56 /* Build configuration list for PBXProject "beTheFirstWave" */;
			compatibilityVersion = "Xcode 9.3";
			developmentRegion = en;
			hasScannedForEncodings = 0;
			knownRegions = (
				en,
				Base,
			);
			mainGroup = FA22EF3E23322AFD00995A56;
			productRefGroup = FA22EF4823322AFD00995A56 /* Products */;
			projectDirPath = "";
			projectRoot = "";
			targets = (
				FA22EF4623322AFD00995A56 /* beTheFirstWave */,
				FA22EF5D23322B0000995A56 /* beTheFirstWaveTests */,
				FA22EF6823322B0000995A56 /* beTheFirstWaveUITests */,
			);
		};
/* End PBXProject section */

/* Begin PBXResourcesBuildPhase section */
		FA22EF4523322AFD00995A56 /* Resources */ = {
			isa = PBXResourcesBuildPhase;
			buildActionMask = 2147483647;
			files = (
				FA22EF5823322B0000995A56 /* LaunchScreen.storyboard in Resources */,
				FA22EF5523322B0000995A56 /* Assets.xcassets in Resources */,
				FA22EF5023322AFD00995A56 /* Main.storyboard in Resources */,
			);
			runOnlyForDeploymentPostprocessing = 0;
		};
		FA22EF5C23322B0000995A56 /* Resources */ = {
			isa = PBXResourcesBuildPhase;
			buildActionMask = 2147483647;
			files = (
			);
			runOnlyForDeploymentPostprocessing = 0;
		};
		FA22EF6723322B0000995A56 /* Resources */ = {
			isa = PBXResourcesBuildPhase;
			buildActionMask = 2147483647;
			files = (
			);
			runOnlyForDeploymentPostprocessing = 0;
		};
/* End PBXResourcesBuildPhase section */

/* Begin PBXSourcesBuildPhase section */
		FA22EF4323322AFD00995A56 /* Sources */ = {
			isa = PBXSourcesBuildPhase;
			buildActionMask = 2147483647;
			files = (
				FA22EF94233CA3B400995A56 /* program.swift in Sources */,
				FA22EF9A233D741B00995A56 /* driver.swift in Sources */,
				FA22EF92233B71EA00995A56 /* event.swift in Sources */,
				FA22EF9D233DF42C00995A56 /* viewModel.swift in Sources */,
				FA7DF2092341739E002EEEE9 /* findProgramViewController.swift in Sources */,
				FA7DF20D2341FD99002EEEE9 /* programTableViewCell.swift in Sources */,
				FA22EF8D233A2E1800995A56 /* eventsTableViewCell.swift in Sources */,
				FA7DF20B2341CE19002EEEE9 /* programTableViewController.swift in Sources */,
				FA22EF7F23322C3300995A56 /* LoginViewController.swift in Sources */,
				FA22EF4D23322AFD00995A56 /* ViewController.swift in Sources */,
				FA22EF90233B634900995A56 /* constants.swift in Sources */,
				FA22EF98233D71E100995A56 /* events.swift in Sources */,
				FA7DF207234009F1002EEEE9 /* profile.swift in Sources */,
				FA22EFA1233E196400995A56 /* detailsViewController.swift in Sources */,
				FA22EF96233CAB6600995A56 /* eventsTableViewController.swift in Sources */,
				FA22EFA3233F414E00995A56 /* sectionsEvents.swift in Sources */,
				FA22EF852338C06D00995A56 /* label.swift in Sources */,
				FA22EF5323322AFD00995A56 /* beTheFirstWave.xcdatamodeld in Sources */,
				FA22EF4B23322AFD00995A56 /* AppDelegate.swift in Sources */,
			);
			runOnlyForDeploymentPostprocessing = 0;
		};
		FA22EF5A23322B0000995A56 /* Sources */ = {
			isa = PBXSourcesBuildPhase;
			buildActionMask = 2147483647;
			files = (
				FA22EF6323322B0000995A56 /* beTheFirstWaveTests.swift in Sources */,
			);
			runOnlyForDeploymentPostprocessing = 0;
		};
		FA22EF6523322B0000995A56 /* Sources */ = {
			isa = PBXSourcesBuildPhase;
			buildActionMask = 2147483647;
			files = (
				FA22EF6E23322B0100995A56 /* beTheFirstWaveUITests.swift in Sources */,
			);
			runOnlyForDeploymentPostprocessing = 0;
		};
/* End PBXSourcesBuildPhase section */

/* Begin PBXTargetDependency section */
		FA22EF6023322B0000995A56 /* PBXTargetDependency */ = {
			isa = PBXTargetDependency;
			target = FA22EF4623322AFD00995A56 /* beTheFirstWave */;
			targetProxy = FA22EF5F23322B0000995A56 /* PBXContainerItemProxy */;
		};
		FA22EF6B23322B0000995A56 /* PBXTargetDependency */ = {
			isa = PBXTargetDependency;
			target = FA22EF4623322AFD00995A56 /* beTheFirstWave */;
			targetProxy = FA22EF6A23322B0000995A56 /* PBXContainerItemProxy */;
		};
/* End PBXTargetDependency section */

/* Begin PBXVariantGroup section */
		FA22EF4E23322AFD00995A56 /* Main.storyboard */ = {
			isa = PBXVariantGroup;
			children = (
				FA22EF4F23322AFD00995A56 /* Base */,
			);
			name = Main.storyboard;
			sourceTree = "<group>";
		};
		FA22EF5623322B0000995A56 /* LaunchScreen.storyboard */ = {
			isa = PBXVariantGroup;
			children = (
				FA22EF5723322B0000995A56 /* Base */,
			);
			name = LaunchScreen.storyboard;
			sourceTree = "<group>";
		};
/* End PBXVariantGroup section */

/* Begin XCBuildConfiguration section */
		FA22EF7023322B0100995A56 /* Debug */ = {
			isa = XCBuildConfiguration;
			buildSettings = {
				ALWAYS_SEARCH_USER_PATHS = NO;
				CLANG_ANALYZER_NONNULL = YES;
				CLANG_ANALYZER_NUMBER_OBJECT_CONVERSION = YES_AGGRESSIVE;
				CLANG_CXX_LANGUAGE_STANDARD = "gnu++14";
				CLANG_CXX_LIBRARY = "libc++";
				CLANG_ENABLE_MODULES = YES;
				CLANG_ENABLE_OBJC_ARC = YES;
				CLANG_ENABLE_OBJC_WEAK = YES;
				CLANG_WARN_BLOCK_CAPTURE_AUTORELEASING = YES;
				CLANG_WARN_BOOL_CONVERSION = YES;
				CLANG_WARN_COMMA = YES;
				CLANG_WARN_CONSTANT_CONVERSION = YES;
				CLANG_WARN_DEPRECATED_OBJC_IMPLEMENTATIONS = YES;
				CLANG_WARN_DIRECT_OBJC_ISA_USAGE = YES_ERROR;
				CLANG_WARN_DOCUMENTATION_COMMENTS = YES;
				CLANG_WARN_EMPTY_BODY = YES;
				CLANG_WARN_ENUM_CONVERSION = YES;
				CLANG_WARN_INFINITE_RECURSION = YES;
				CLANG_WARN_INT_CONVERSION = YES;
				CLANG_WARN_NON_LITERAL_NULL_CONVERSION = YES;
				CLANG_WARN_OBJC_IMPLICIT_RETAIN_SELF = YES;
				CLANG_WARN_OBJC_LITERAL_CONVERSION = YES;
				CLANG_WARN_OBJC_ROOT_CLASS = YES_ERROR;
				CLANG_WARN_RANGE_LOOP_ANALYSIS = YES;
				CLANG_WARN_STRICT_PROTOTYPES = YES;
				CLANG_WARN_SUSPICIOUS_MOVE = YES;
				CLANG_WARN_UNGUARDED_AVAILABILITY = YES_AGGRESSIVE;
				CLANG_WARN_UNREACHABLE_CODE = YES;
				CLANG_WARN__DUPLICATE_METHOD_MATCH = YES;
				CODE_SIGN_IDENTITY = "iPhone Developer";
				COPY_PHASE_STRIP = NO;
				DEBUG_INFORMATION_FORMAT = dwarf;
				ENABLE_STRICT_OBJC_MSGSEND = YES;
				ENABLE_TESTABILITY = YES;
				GCC_C_LANGUAGE_STANDARD = gnu11;
				GCC_DYNAMIC_NO_PIC = NO;
				GCC_NO_COMMON_BLOCKS = YES;
				GCC_OPTIMIZATION_LEVEL = 0;
				GCC_PREPROCESSOR_DEFINITIONS = (
					"DEBUG=1",
					"$(inherited)",
				);
				GCC_WARN_64_TO_32_BIT_CONVERSION = YES;
				GCC_WARN_ABOUT_RETURN_TYPE = YES_ERROR;
				GCC_WARN_UNDECLARED_SELECTOR = YES;
				GCC_WARN_UNINITIALIZED_AUTOS = YES_AGGRESSIVE;
				GCC_WARN_UNUSED_FUNCTION = YES;
				GCC_WARN_UNUSED_VARIABLE = YES;
				IPHONEOS_DEPLOYMENT_TARGET = 12.4;
				MTL_ENABLE_DEBUG_INFO = INCLUDE_SOURCE;
				MTL_FAST_MATH = YES;
				ONLY_ACTIVE_ARCH = YES;
				SDKROOT = iphoneos;
				SWIFT_ACTIVE_COMPILATION_CONDITIONS = DEBUG;
				SWIFT_OPTIMIZATION_LEVEL = "-Onone";
			};
			name = Debug;
		};
		FA22EF7123322B0100995A56 /* Release */ = {
			isa = XCBuildConfiguration;
			buildSettings = {
				ALWAYS_SEARCH_USER_PATHS = NO;
				CLANG_ANALYZER_NONNULL = YES;
				CLANG_ANALYZER_NUMBER_OBJECT_CONVERSION = YES_AGGRESSIVE;
				CLANG_CXX_LANGUAGE_STANDARD = "gnu++14";
				CLANG_CXX_LIBRARY = "libc++";
				CLANG_ENABLE_MODULES = YES;
				CLANG_ENABLE_OBJC_ARC = YES;
				CLANG_ENABLE_OBJC_WEAK = YES;
				CLANG_WARN_BLOCK_CAPTURE_AUTORELEASING = YES;
				CLANG_WARN_BOOL_CONVERSION = YES;
				CLANG_WARN_COMMA = YES;
				CLANG_WARN_CONSTANT_CONVERSION = YES;
				CLANG_WARN_DEPRECATED_OBJC_IMPLEMENTATIONS = YES;
				CLANG_WARN_DIRECT_OBJC_ISA_USAGE = YES_ERROR;
				CLANG_WARN_DOCUMENTATION_COMMENTS = YES;
				CLANG_WARN_EMPTY_BODY = YES;
				CLANG_WARN_ENUM_CONVERSION = YES;
				CLANG_WARN_INFINITE_RECURSION = YES;
				CLANG_WARN_INT_CONVERSION = YES;
				CLANG_WARN_NON_LITERAL_NULL_CONVERSION = YES;
				CLANG_WARN_OBJC_IMPLICIT_RETAIN_SELF = YES;
				CLANG_WARN_OBJC_LITERAL_CONVERSION = YES;
				CLANG_WARN_OBJC_ROOT_CLASS = YES_ERROR;
				CLANG_WARN_RANGE_LOOP_ANALYSIS = YES;
				CLANG_WARN_STRICT_PROTOTYPES = YES;
				CLANG_WARN_SUSPICIOUS_MOVE = YES;
				CLANG_WARN_UNGUARDED_AVAILABILITY = YES_AGGRESSIVE;
				CLANG_WARN_UNREACHABLE_CODE = YES;
				CLANG_WARN__DUPLICATE_METHOD_MATCH = YES;
				CODE_SIGN_IDENTITY = "iPhone Developer";
				COPY_PHASE_STRIP = NO;
				DEBUG_INFORMATION_FORMAT = "dwarf-with-dsym";
				ENABLE_NS_ASSERTIONS = NO;
				ENABLE_STRICT_OBJC_MSGSEND = YES;
				GCC_C_LANGUAGE_STANDARD = gnu11;
				GCC_NO_COMMON_BLOCKS = YES;
				GCC_WARN_64_TO_32_BIT_CONVERSION = YES;
				GCC_WARN_ABOUT_RETURN_TYPE = YES_ERROR;
				GCC_WARN_UNDECLARED_SELECTOR = YES;
				GCC_WARN_UNINITIALIZED_AUTOS = YES_AGGRESSIVE;
				GCC_WARN_UNUSED_FUNCTION = YES;
				GCC_WARN_UNUSED_VARIABLE = YES;
				IPHONEOS_DEPLOYMENT_TARGET = 12.4;
				MTL_ENABLE_DEBUG_INFO = NO;
				MTL_FAST_MATH = YES;
				SDKROOT = iphoneos;
				SWIFT_COMPILATION_MODE = wholemodule;
				SWIFT_OPTIMIZATION_LEVEL = "-O";
				VALIDATE_PRODUCT = YES;
			};
			name = Release;
		};
		FA22EF7323322B0100995A56 /* Debug */ = {
			isa = XCBuildConfiguration;
			buildSettings = {
				ASSETCATALOG_COMPILER_APPICON_NAME = AppIcon;
				CODE_SIGN_STYLE = Manual;
				DEVELOPMENT_TEAM = "";
				INFOPLIST_FILE = beTheFirstWave/Info.plist;
				LD_RUNPATH_SEARCH_PATHS = (
					"$(inherited)",
					"@executable_path/Frameworks",
				);
				PRODUCT_BUNDLE_IDENTIFIER = au.edu.rmit.s3549218.beTheFirstWave;
				PRODUCT_NAME = "$(TARGET_NAME)";
				PROVISIONING_PROFILE_SPECIFIER = "";
				SWIFT_VERSION = 5.0;
				TARGETED_DEVICE_FAMILY = "1,2";
			};
			name = Debug;
		};
		FA22EF7423322B0100995A56 /* Release */ = {
			isa = XCBuildConfiguration;
			buildSettings = {
				ASSETCATALOG_COMPILER_APPICON_NAME = AppIcon;
				CODE_SIGN_STYLE = Manual;
				DEVELOPMENT_TEAM = "";
				INFOPLIST_FILE = beTheFirstWave/Info.plist;
				LD_RUNPATH_SEARCH_PATHS = (
					"$(inherited)",
					"@executable_path/Frameworks",
				);
				PRODUCT_BUNDLE_IDENTIFIER = au.edu.rmit.s3549218.beTheFirstWave;
				PRODUCT_NAME = "$(TARGET_NAME)";
				PROVISIONING_PROFILE_SPECIFIER = "";
				SWIFT_VERSION = 5.0;
				TARGETED_DEVICE_FAMILY = "1,2";
			};
			name = Release;
		};
		FA22EF7623322B0100995A56 /* Debug */ = {
			isa = XCBuildConfiguration;
			buildSettings = {
				ALWAYS_EMBED_SWIFT_STANDARD_LIBRARIES = YES;
				BUNDLE_LOADER = "$(TEST_HOST)";
				CODE_SIGN_STYLE = Automatic;
				INFOPLIST_FILE = beTheFirstWaveTests/Info.plist;
				LD_RUNPATH_SEARCH_PATHS = (
					"$(inherited)",
					"@executable_path/Frameworks",
					"@loader_path/Frameworks",
				);
				PRODUCT_BUNDLE_IDENTIFIER = au.edu.rmit.s3549218.beTheFirstWaveTests;
				PRODUCT_NAME = "$(TARGET_NAME)";
				SWIFT_VERSION = 5.0;
				TARGETED_DEVICE_FAMILY = "1,2";
				TEST_HOST = "$(BUILT_PRODUCTS_DIR)/beTheFirstWave.app/beTheFirstWave";
			};
			name = Debug;
		};
		FA22EF7723322B0100995A56 /* Release */ = {
			isa = XCBuildConfiguration;
			buildSettings = {
				ALWAYS_EMBED_SWIFT_STANDARD_LIBRARIES = YES;
				BUNDLE_LOADER = "$(TEST_HOST)";
				CODE_SIGN_STYLE = Automatic;
				INFOPLIST_FILE = beTheFirstWaveTests/Info.plist;
				LD_RUNPATH_SEARCH_PATHS = (
					"$(inherited)",
					"@executable_path/Frameworks",
					"@loader_path/Frameworks",
				);
				PRODUCT_BUNDLE_IDENTIFIER = au.edu.rmit.s3549218.beTheFirstWaveTests;
				PRODUCT_NAME = "$(TARGET_NAME)";
				SWIFT_VERSION = 5.0;
				TARGETED_DEVICE_FAMILY = "1,2";
				TEST_HOST = "$(BUILT_PRODUCTS_DIR)/beTheFirstWave.app/beTheFirstWave";
			};
			name = Release;
		};
		FA22EF7923322B0100995A56 /* Debug */ = {
			isa = XCBuildConfiguration;
			buildSettings = {
				ALWAYS_EMBED_SWIFT_STANDARD_LIBRARIES = YES;
				CODE_SIGN_STYLE = Automatic;
				INFOPLIST_FILE = beTheFirstWaveUITests/Info.plist;
				LD_RUNPATH_SEARCH_PATHS = (
					"$(inherited)",
					"@executable_path/Frameworks",
					"@loader_path/Frameworks",
				);
				PRODUCT_BUNDLE_IDENTIFIER = au.edu.rmit.s3549218.beTheFirstWaveUITests;
				PRODUCT_NAME = "$(TARGET_NAME)";
				SWIFT_VERSION = 5.0;
				TARGETED_DEVICE_FAMILY = "1,2";
				TEST_TARGET_NAME = beTheFirstWave;
			};
			name = Debug;
		};
		FA22EF7A23322B0100995A56 /* Release */ = {
			isa = XCBuildConfiguration;
			buildSettings = {
				ALWAYS_EMBED_SWIFT_STANDARD_LIBRARIES = YES;
				CODE_SIGN_STYLE = Automatic;
				INFOPLIST_FILE = beTheFirstWaveUITests/Info.plist;
				LD_RUNPATH_SEARCH_PATHS = (
					"$(inherited)",
					"@executable_path/Frameworks",
					"@loader_path/Frameworks",
				);
				PRODUCT_BUNDLE_IDENTIFIER = au.edu.rmit.s3549218.beTheFirstWaveUITests;
				PRODUCT_NAME = "$(TARGET_NAME)";
				SWIFT_VERSION = 5.0;
				TARGETED_DEVICE_FAMILY = "1,2";
				TEST_TARGET_NAME = beTheFirstWave;
			};
			name = Release;
		};
/* End XCBuildConfiguration section */

/* Begin XCConfigurationList section */
		FA22EF4223322AFD00995A56 /* Build configuration list for PBXProject "beTheFirstWave" */ = {
			isa = XCConfigurationList;
			buildConfigurations = (
				FA22EF7023322B0100995A56 /* Debug */,
				FA22EF7123322B0100995A56 /* Release */,
			);
			defaultConfigurationIsVisible = 0;
			defaultConfigurationName = Release;
		};
		FA22EF7223322B0100995A56 /* Build configuration list for PBXNativeTarget "beTheFirstWave" */ = {
			isa = XCConfigurationList;
			buildConfigurations = (
				FA22EF7323322B0100995A56 /* Debug */,
				FA22EF7423322B0100995A56 /* Release */,
			);
			defaultConfigurationIsVisible = 0;
			defaultConfigurationName = Release;
		};
		FA22EF7523322B0100995A56 /* Build configuration list for PBXNativeTarget "beTheFirstWaveTests" */ = {
			isa = XCConfigurationList;
			buildConfigurations = (
				FA22EF7623322B0100995A56 /* Debug */,
				FA22EF7723322B0100995A56 /* Release */,
			);
			defaultConfigurationIsVisible = 0;
			defaultConfigurationName = Release;
		};
		FA22EF7823322B0100995A56 /* Build configuration list for PBXNativeTarget "beTheFirstWaveUITests" */ = {
			isa = XCConfigurationList;
			buildConfigurations = (
				FA22EF7923322B0100995A56 /* Debug */,
				FA22EF7A23322B0100995A56 /* Release */,
			);
			defaultConfigurationIsVisible = 0;
			defaultConfigurationName = Release;
		};
/* End XCConfigurationList section */

/* Begin XCVersionGroup section */
		FA22EF5123322AFD00995A56 /* beTheFirstWave.xcdatamodeld */ = {
			isa = XCVersionGroup;
			children = (
				FA22EF5223322AFD00995A56 /* beTheFirstWave.xcdatamodel */,
			);
			currentVersion = FA22EF5223322AFD00995A56 /* beTheFirstWave.xcdatamodel */;
			path = beTheFirstWave.xcdatamodeld;
			sourceTree = "<group>";
			versionGroupType = wrapper.xcdatamodel;
		};
/* End XCVersionGroup section */
	};
	rootObject = FA22EF3F23322AFD00995A56 /* Project object */;
}
